{
  "pins" : [
    {
      "identity" : "snapkit",
      "kind" : "remoteSourceControl",
      "location" : "https://github.com/snapkit/snapkit.git",
      "state" : {
        "revision" : "f222cbdf325885926566172f6f5f06af95473158",
        "version" : "5.6.0"
      }
    },
    {
      "identity" : "swiftformat",
      "kind" : "remoteSourceControl",
      "location" : "https://github.com/nicklockwood/swiftformat",
      "state" : {
        "revision" : "ae4d0b672cd7094ae513097c617951a5ac714418",
        "version" : "0.50.8"
      }
    }
  ],
  "version" : 2
}
